<Solution>
  <Folder Name="/Plugins/Providers/">
    <Project Path="Plugins/Providers/AccessibleTrader.Plugins.Alpaca/AccessibleTrader.Plugins.Alpaca.csproj" />
    <Project Path="Plugins/Providers/AccessibleTrader.Plugins.Binance/AccessibleTrader.Plugins.Binance.csproj" />
    <Project Path="Plugins/Providers/AccessibleTrader.Plugins.Bitstamp/AccessibleTrader.Plugins.Bitstamp.csproj" />
    <Project Path="Plugins/Providers/AccessibleTrader.Plugins.Coinbase/AccessibleTrader.Plugins.Coinbase.csproj" />
    <Project Path="Plugins/Providers/AccessibleTrader.Plugins.Finnhub/AccessibleTrader.Plugins.Finnhub.csproj" />
    <Project Path="Plugins/Providers/AccessibleTrader.Plugins.Fmp/AccessibleTrader.Plugins.Fmp.csproj" />
    <Project Path="Plugins/Providers/AccessibleTrader.Plugins.Gemini/AccessibleTrader.Plugins.Gemini.csproj" />
    <Project Path="Plugins/Providers/AccessibleTrader.Plugins.InteractiveBrokers/AccessibleTrader.Plugins.InteractiveBrokers.csproj" />
    <Project Path="Plugins/Providers/AccessibleTrader.Plugins.Kraken/AccessibleTrader.Plugins.Kraken.csproj" />
    <Project Path="Plugins/Providers/AccessibleTrader.Plugins.KrakenFutures/AccessibleTrader.Plugins.KrakenFutures.csproj" />
    <Project Path="Plugins/Providers/AccessibleTrader.Plugins.Mexc/AccessibleTrader.Plugins.Mexc.csproj" />
    <Project Path="Plugins/Providers/AccessibleTrader.Plugins.Oanda/AccessibleTrader.Plugins.Oanda.csproj" />
    <Project Path="Plugins/Providers/AccessibleTrader.Plugins.Polygon/AccessibleTrader.Plugins.Polygon.csproj" />
    <Project Path="Plugins/Providers/AccessibleTrader.Plugins.Schwab/AccessibleTrader.Plugins.Schwab.csproj" />
    <Project Path="Plugins/Providers/AccessibleTrader.Plugins.Tradier/AccessibleTrader.Plugins.Tradier.csproj" />
    <Project Path="Plugins/Providers/AccessibleTrader.Plugins.TwelveData/AccessibleTrader.Plugins.TwelveData.csproj" />
  </Folder>
  <Folder Name="/Plugins/Analytics/">
    <Project Path="Plugins/Analytics/AccessibleTrader.Plugins.AlternativeMe/AccessibleTrader.Plugins.AlternativeMe.csproj" />
    <Project Path="Plugins/Analytics/AccessibleTrader.Plugins.WikipediaPageviews/AccessibleTrader.Plugins.WikipediaPageviews.csproj" />
    <Project Path="Plugins/Analytics/AccessibleTrader.Plugins.SecEdgar/AccessibleTrader.Plugins.SecEdgar.csproj" />
    <Project Path="Plugins/Analytics/AccessibleTrader.Plugins.BGeometrics/AccessibleTrader.Plugins.BGeometrics.csproj" />
    <Project Path="Plugins/Analytics/AccessibleTrader.Plugins.BinanceDerivatives/AccessibleTrader.Plugins.BinanceDerivatives.csproj" />
    <Project Path="Plugins/Analytics/AccessibleTrader.Plugins.BinanceVision/AccessibleTrader.Plugins.BinanceVision.csproj" />
    <Project Path="Plugins/Analytics/AccessibleTrader.Plugins.Cftc/AccessibleTrader.Plugins.Cftc.csproj" />
    <Project Path="Plugins/Analytics/AccessibleTrader.Plugins.CoinGecko/AccessibleTrader.Plugins.CoinGecko.csproj" />
    <Project Path="Plugins/Analytics/AccessibleTrader.Plugins.CoinMetrics/AccessibleTrader.Plugins.CoinMetrics.csproj" />
    <Project Path="Plugins/Analytics/AccessibleTrader.Plugins.DefiLlama/AccessibleTrader.Plugins.DefiLlama.csproj" />
    <Project Path="Plugins/Analytics/AccessibleTrader.Plugins.Deribit/AccessibleTrader.Plugins.Deribit.csproj" />
    <Project Path="Plugins/Analytics/AccessibleTrader.Plugins.Etherscan/AccessibleTrader.Plugins.Etherscan.csproj" />
    <Project Path="Plugins/Analytics/AccessibleTrader.Plugins.Finra/AccessibleTrader.Plugins.Finra.csproj" />
    <Project Path="Plugins/Analytics/AccessibleTrader.Plugins.Fred/AccessibleTrader.Plugins.Fred.csproj" />
    <Project Path="Plugins/Analytics/AccessibleTrader.Plugins.Glassnode/AccessibleTrader.Plugins.Glassnode.csproj" />
    <Project Path="Plugins/Analytics/AccessibleTrader.Plugins.Mempool/AccessibleTrader.Plugins.Mempool.csproj" />
    <Project Path="Plugins/Analytics/AccessibleTrader.Plugins.OkxDerivatives/AccessibleTrader.Plugins.OkxDerivatives.csproj" />
  </Folder>
  <Folder Name="/Plugins/Indicators/" />
  <Folder Name="/Plugins/Strategies/">
    <Project Path="Plugins/Strategies/AccessibleTrader.Plugins.Strategy.Fixture/AccessibleTrader.Plugins.Strategy.Fixture.csproj" />
  </Folder>
  <Project Path="AccessibleTrader.BlazorClient/AccessibleTrader.BlazorClient.csproj" />
  <Project Path="AccessibleTrader.BlazorClient.Components/AccessibleTrader.BlazorClient.Components.csproj" />
  <Project Path="AccessibleTrader.Core/AccessibleTrader.Core.csproj" />
  <Project Path="AccessibleTrader.WebHost/AccessibleTrader.WebHost.csproj" />
  <Project Path="AccessibleTrader.Sdk/AccessibleTrader.Sdk.csproj" />
  <Project Path="AccessibleTrader.ScriptSandbox/AccessibleTrader.ScriptSandbox.csproj" />
  <Project Path="AccessibleTrader.ScriptWorker/AccessibleTrader.ScriptWorker.csproj" />
  <Project Path="AccessibleTrader.StrategyLab/AccessibleTrader.StrategyLab.csproj" />
  <Project Path="AccessibleTrader.Tests/AccessibleTrader.Tests.csproj" />
  <Project Path="tools/DotPadCalibrator/DotPadCalibrator.csproj" />
</Solution>
